
Microsoft Visual Studio Solution File, Format Version 12.00
# Visual Studio 15
VisualStudioVersion = 15.0.28010.2046
MinimumVisualStudioVersion = 10.0.40219.1
Project("{FAE04EC0-301F-11D3-BF4B-00C04F79EFBC}") = "Article.Blog.Api", "Article.Blog.Api\Article.Blog.Api.csproj", "{5149F6DD-A881-4122-8AF0-6FAB1C039E4F}"
EndProject
Project("{FAE04EC0-301F-11D3-BF4B-00C04F79EFBC}") = "Article.Blog.Data", "Article.Blog.Data\Article.Blog.Data.csproj", "{19214B92-D958-4C14-BBEE-3053A9220CAB}"
EndProject
Project("{FAE04EC0-301F-11D3-BF4B-00C04F79EFBC}") = "Article.Blog.Common", "Article.Blog.Common\Article.Blog.Common.csproj", "{EABE0EB2-870A-4422-A4A9-11285CEEAAC4}"
EndProject
Project("{FAE04EC0-301F-11D3-BF4B-00C04F79EFBC}") = "Article.Blog.Repository", "Article.Blog.Repository\Article.Blog.Repository.csproj", "{BE2D4048-FABB-45BC-88D8-7E2A21858D13}"
EndProject
Global
	GlobalSection(SolutionConfigurationPlatforms) = preSolution
		Debug|Any CPU = Debug|Any CPU
		Release|Any CPU = Release|Any CPU
	EndGlobalSection
	GlobalSection(ProjectConfigurationPlatforms) = postSolution
		{5149F6DD-A881-4122-8AF0-6FAB1C039E4F}.Debug|Any CPU.ActiveCfg = Debug|Any CPU
		{5149F6DD-A881-4122-8AF0-6FAB1C039E4F}.Debug|Any CPU.Build.0 = Debug|Any CPU
		{5149F6DD-A881-4122-8AF0-6FAB1C039E4F}.Release|Any CPU.ActiveCfg = Release|Any CPU
		{5149F6DD-A881-4122-8AF0-6FAB1C039E4F}.Release|Any CPU.Build.0 = Release|Any CPU
		{19214B92-D958-4C14-BBEE-3053A9220CAB}.Debug|Any CPU.ActiveCfg = Debug|Any CPU
		{19214B92-D958-4C14-BBEE-3053A9220CAB}.Debug|Any CPU.Build.0 = Debug|Any CPU
		{19214B92-D958-4C14-BBEE-3053A9220CAB}.Release|Any CPU.ActiveCfg = Release|Any CPU
		{19214B92-D958-4C14-BBEE-3053A9220CAB}.Release|Any CPU.Build.0 = Release|Any CPU
		{EABE0EB2-870A-4422-A4A9-11285CEEAAC4}.Debug|Any CPU.ActiveCfg = Debug|Any CPU
		{EABE0EB2-870A-4422-A4A9-11285CEEAAC4}.Debug|Any CPU.Build.0 = Debug|Any CPU
		{EABE0EB2-870A-4422-A4A9-11285CEEAAC4}.Release|Any CPU.ActiveCfg = Release|Any CPU
		{EABE0EB2-870A-4422-A4A9-11285CEEAAC4}.Release|Any CPU.Build.0 = Release|Any CPU
		{BE2D4048-FABB-45BC-88D8-7E2A21858D13}.Debug|Any CPU.ActiveCfg = Debug|Any CPU
		{BE2D4048-FABB-45BC-88D8-7E2A21858D13}.Debug|Any CPU.Build.0 = Debug|Any CPU
		{BE2D4048-FABB-45BC-88D8-7E2A21858D13}.Release|Any CPU.ActiveCfg = Release|Any CPU
		{BE2D4048-FABB-45BC-88D8-7E2A21858D13}.Release|Any CPU.Build.0 = Release|Any CPU
	EndGlobalSection
	GlobalSection(SolutionProperties) = preSolution
		HideSolutionNode = FALSE
	EndGlobalSection
	GlobalSection(ExtensibilityGlobals) = postSolution
		SolutionGuid = {01CDE3DD-05BC-4004-925E-20E3215B4859}
	EndGlobalSection
EndGlobal
